Microsoft Visual Studio Solution File, Format Version 12.00
# Visual Studio Version 17
VisualStudioVersion = 17.5.2.0
MinimumVisualStudioVersion = 10.0.40219.1
Project("{FAE04EC0-301F-11D3-BF4B-00C04F79EFBC}") = "KauppakantaTunnilla", "KauppakantaTunnilla.csproj", "{F21447AD-9B32-AEE8-88D1-FC96CE2EFE11}"
EndProject
Global
	GlobalSection(SolutionConfigurationPlatforms) = preSolution
		Debug|Any CPU = Debug|Any CPU
		Release|Any CPU = Release|Any CPU
	EndGlobalSection
	GlobalSection(ProjectConfigurationPlatforms) = postSolution
		{F21447AD-9B32-AEE8-88D1-FC96CE2EFE11}.Debug|Any CPU.ActiveCfg = Debug|Any CPU
		{F21447AD-9B32-AEE8-88D1-FC96CE2EFE11}.Debug|Any CPU.Build.0 = Debug|Any CPU
		{F21447AD-9B32-AEE8-88D1-FC96CE2EFE11}.Release|Any CPU.ActiveCfg = Release|Any CPU
		{F21447AD-9B32-AEE8-88D1-FC96CE2EFE11}.Release|Any CPU.Build.0 = Release|Any CPU
	EndGlobalSection
	GlobalSection(SolutionProperties) = preSolution
		HideSolutionNode = FALSE
	EndGlobalSection
	GlobalSection(ExtensibilityGlobals) = postSolution
		SolutionGuid = {7845D4DB-5C44-4BD2-9701-5B6DAADB87B4}
	EndGlobalSection
EndGlobal
